# This file is automatically @generated by Cargo.
# It is not intended for manual editing.
version = 3

[[package]]
name = "anymap"
version = "0.12.1"
source = "registry+https://github.com/rust-lang/crates.io-index"
checksum = "33954243bd79057c2de7338850b85983a44588021f8a5fee574a8888c6de4344"

[[package]]
name = "autocfg"
version = "0.1.2"
source = "registry+https://github.com/rust-lang/crates.io-index"
checksum = "a6d640bee2da49f60a4068a7fae53acde8982514ab7bae8b8cea9e88cbcfd799"

[[package]]
name = "backtrace"
version = "0.3.13"
source = "registry+https://github.com/rust-lang/crates.io-index"
checksum = "b5b493b66e03090ebc4343eb02f94ff944e0cbc9ac6571491d170ba026741eb5"
dependencies = [
 "autocfg",
 "backtrace-sys",
 "cfg-if",
 "libc",
 "rustc-demangle",
 "winapi 0.3.6",
]

[[package]]
name = "backtrace-sys"
version = "0.1.28"
source = "registry+https://github.com/rust-lang/crates.io-index"
checksum = "797c830ac25ccc92a7f8a7b9862bde440715531514594a6154e3d4a54dd769b6"
dependencies = [
 "cc",
 "libc",
]

[[package]]
name = "base-x"
version = "0.2.4"
source = "registry+https://github.com/rust-lang/crates.io-index"
checksum = "d55aa264e822dbafa12db4d54767aff17c6ba55ea2d8559b3e17392c7d000e5d"

[[package]]
name = "bincode"
version = "1.1.1"
source = "registry+https://github.com/rust-lang/crates.io-index"
checksum = "58470ad6460f0b0e89b0df5f17b8bd77ebae26af69dca0bd9ddc8b9e38abb2ff"
dependencies = [
 "autocfg",
 "byteorder",
 "serde",
]

[[package]]
name = "byteorder"
version = "1.3.1"
source = "registry+https://github.com/rust-lang/crates.io-index"
checksum = "a019b10a2a7cdeb292db131fc8113e57ea2a908f6e7894b0c3c671893b65dbeb"

[[package]]
name = "bytes"
version = "0.4.11"
source = "registry+https://github.com/rust-lang/crates.io-index"
checksum = "40ade3d27603c2cb345eb0912aec461a6dec7e06a4ae48589904e808335c7afa"
dependencies = [
 "byteorder",
 "iovec",
]

[[package]]
name = "cc"
version = "1.0.29"
source = "registry+https://github.com/rust-lang/crates.io-index"
checksum = "4390a3b5f4f6bce9c1d0c00128379df433e53777fdd30e92f16a529332baec4e"

[[package]]
name = "cfg-if"
version = "0.1.6"
source = "registry+https://github.com/rust-lang/crates.io-index"
checksum = "082bb9b28e00d3c9d39cc03e64ce4cea0f1bb9b3fde493f0cbc008472d22bdf4"

[[package]]
name = "discard"
version = "1.0.4"
source = "registry+https://github.com/rust-lang/crates.io-index"
checksum = "212d0f5754cb6769937f4501cc0e67f4f4483c8d2c3e1e922ee9edbe4ab4c7c0"

[[package]]
name = "failure"
version = "0.1.5"
source = "registry+https://github.com/rust-lang/crates.io-index"
checksum = "795bd83d3abeb9220f257e597aa0080a508b27533824adf336529648f6abf7e2"
dependencies = [
 "backtrace",
 "failure_derive",
]

[[package]]
name = "failure_derive"
version = "0.1.5"
source = "registry+https://github.com/rust-lang/crates.io-index"
checksum = "ea1063915fd7ef4309e222a5a07cf9c319fb9c7836b1f89b85458672dbb127e1"
dependencies = [
 "proc-macro2",
 "quote",
 "syn",
 "synstructure",
]

[[package]]
name = "fnv"
version = "1.0.6"
source = "registry+https://github.com/rust-lang/crates.io-index"
checksum = "2fad85553e09a6f881f739c29f0b00b0f01357c743266d478b68951ce23285f3"

[[package]]
name = "http"
version = "0.1.15"
source = "registry+https://github.com/rust-lang/crates.io-index"
checksum = "1a10e5b573b9a0146545010f50772b9e8b1dd0a256564cc4307694c68832a2f5"
dependencies = [
 "bytes",
 "fnv",
 "itoa",
]

[[package]]
name = "idata"
version = "0.1.1"
source = "git+https://github.com/jleahred/idata.git#08eab4e32ca686ca64295968d8e14a02acddb6d4"

[[package]]
name = "iovec"
version = "0.1.2"
source = "registry+https://github.com/rust-lang/crates.io-index"
checksum = "dbe6e417e7d0975db6512b90796e8ce223145ac4e33c377e4a42882a0e88bb08"
dependencies = [
 "libc",
 "winapi 0.2.8",
]

[[package]]
name = "itoa"
version = "0.4.3"
source = "registry+https://github.com/rust-lang/crates.io-index"
checksum = "1306f3464951f30e30d12373d31c79fbd52d236e5e896fd92f96ec7babbbe60b"

[[package]]
name = "libc"
version = "0.2.48"
source = "registry+https://github.com/rust-lang/crates.io-index"
checksum = "e962c7641008ac010fa60a7dfdc1712449f29c44ef2d4702394aea943ee75047"

[[package]]
name = "log"
version = "0.4.6"
source = "registry+https://github.com/rust-lang/crates.io-index"
checksum = "c84ec4b527950aa83a329754b01dbe3f58361d1c5efacd1f6d68c494d08a17c6"
dependencies = [
 "cfg-if",
]

[[package]]
name = "positions"
version = "0.1.1"
dependencies = [
 "failure",
 "idata",
 "serde",
 "serde_derive",
 "serde_json",
 "stdweb",
 "yew",
]

[[package]]
name = "proc-macro2"
version = "0.4.27"
source = "registry+https://github.com/rust-lang/crates.io-index"
checksum = "4d317f9caece796be1980837fd5cb3dfec5613ebdb04ad0956deea83ce168915"
dependencies = [
 "unicode-xid",
]

[[package]]
name = "quote"
version = "0.6.11"
source = "registry+https://github.com/rust-lang/crates.io-index"
checksum = "cdd8e04bd9c52e0342b406469d494fcb033be4bdbe5c606016defbb1681411e1"
dependencies = [
 "proc-macro2",
]

[[package]]
name = "rustc-demangle"
version = "0.1.13"
source = "registry+https://github.com/rust-lang/crates.io-index"
checksum = "adacaae16d02b6ec37fdc7acfcddf365978de76d1983d3ee22afc260e1ca9619"

[[package]]
name = "rustc_version"
version = "0.2.3"
source = "registry+https://github.com/rust-lang/crates.io-index"
checksum = "138e3e0acb6c9fb258b19b67cb8abd63c00679d2851805ea151465464fe9030a"
dependencies = [
 "semver",
]

[[package]]
name = "ryu"
version = "0.2.7"
source = "registry+https://github.com/rust-lang/crates.io-index"
checksum = "eb9e9b8cde282a9fe6a42dd4681319bfb63f121b8a8ee9439c6f4107e58a46f7"

[[package]]
name = "semver"
version = "0.9.0"
source = "registry+https://github.com/rust-lang/crates.io-index"
checksum = "1d7eb9ef2c18661902cc47e535f9bc51b78acd254da71d375c2f6720d9a40403"
dependencies = [
 "semver-parser",
]

[[package]]
name = "semver-parser"
version = "0.7.0"
source = "registry+https://github.com/rust-lang/crates.io-index"
checksum = "388a1df253eca08550bef6c72392cfe7c30914bf41df5269b68cbd6ff8f570a3"

[[package]]
name = "serde"
version = "1.0.87"
source = "registry+https://github.com/rust-lang/crates.io-index"
checksum = "2e20fde37801e83c891a2dc4ebd3b81f0da4d1fb67a9e0a2a3b921e2536a58ee"
dependencies = [
 "serde_derive",
]

[[package]]
name = "serde_derive"
version = "1.0.87"
source = "registry+https://github.com/rust-lang/crates.io-index"
checksum = "633e97856567e518b59ffb2ad7c7a4fd4c5d91d9c7f32dd38a27b2bf7e8114ea"
dependencies = [
 "proc-macro2",
 "quote",
 "syn",
]

[[package]]
name = "serde_json"
version = "1.0.38"
source = "registry+https://github.com/rust-lang/crates.io-index"
checksum = "27dce848e7467aa0e2fcaf0a413641499c0b745452aaca1194d24dedde9e13c9"
dependencies = [
 "itoa",
 "ryu",
 "serde",
]

[[package]]
name = "sha1"
version = "0.6.0"
source = "registry+https://github.com/rust-lang/crates.io-index"
checksum = "2579985fda508104f7587689507983eadd6a6e84dd35d6d115361f530916fa0d"

[[package]]
name = "slab"
version = "0.4.2"
source = "registry+https://github.com/rust-lang/crates.io-index"
checksum = "c111b5bd5695e56cffe5129854aa230b39c93a305372fdbb2668ca2394eea9f8"

[[package]]
name = "stdweb"
version = "0.4.14"
source = "registry+https://github.com/rust-lang/crates.io-index"
checksum = "5eafd45550bc406cfa179ea263ba0935da87adf220dab40e2c25c4675edc49d8"
dependencies = [
 "discard",
 "rustc_version",
 "serde",
 "serde_json",
 "stdweb-derive",
 "stdweb-internal-macros",
 "stdweb-internal-runtime",
]

[[package]]
name = "stdweb-derive"
version = "0.5.1"
source = "registry+https://github.com/rust-lang/crates.io-index"
checksum = "0e21ebd9179de08f2300a65454268a17ea3de204627458588c84319c4def3930"
dependencies = [
 "proc-macro2",
 "quote",
 "serde",
 "serde_derive",
 "syn",
]

[[package]]
name = "stdweb-internal-macros"
version = "0.2.6"
source = "registry+https://github.com/rust-lang/crates.io-index"
checksum = "1635afd059cbfac7d5b1274f0c44cec110c1e013c48e8bbc22e07e52696cf887"
dependencies = [
 "base-x",
 "proc-macro2",
 "quote",
 "serde",
 "serde_derive",
 "serde_json",
 "sha1",
 "syn",
]

[[package]]
name = "stdweb-internal-runtime"
version = "0.1.3"
source = "registry+https://github.com/rust-lang/crates.io-index"
checksum = "a2a2f4a2eb556337b2d1a302630bbddf989ae383c70393e89b48152b9896cbda"

[[package]]
name = "syn"
version = "0.15.26"
source = "registry+https://github.com/rust-lang/crates.io-index"
checksum = "f92e629aa1d9c827b2bb8297046c1ccffc57c99b947a680d3ccff1f136a3bee9"
dependencies = [
 "proc-macro2",
 "quote",
 "unicode-xid",
]

[[package]]
name = "synstructure"
version = "0.10.1"
source = "registry+https://github.com/rust-lang/crates.io-index"
checksum = "73687139bf99285483c96ac0add482c3776528beac1d97d444f6e91f203a2015"
dependencies = [
 "proc-macro2",
 "quote",
 "syn",
 "unicode-xid",
]

[[package]]
name = "unicode-xid"
version = "0.1.0"
source = "registry+https://github.com/rust-lang/crates.io-index"
checksum = "fc72304796d0818e357ead4e000d19c9c174ab23dc11093ac919054d20a6a7fc"

[[package]]
name = "winapi"
version = "0.2.8"
source = "registry+https://github.com/rust-lang/crates.io-index"
checksum = "167dc9d6949a9b857f3451275e911c3f44255842c1f7a76f33c55103a909087a"

[[package]]
name = "winapi"
version = "0.3.6"
source = "registry+https://github.com/rust-lang/crates.io-index"
checksum = "92c1eb33641e276cfa214a0522acad57be5c56b10cb348b3c5117db75f3ac4b0"
dependencies = [
 "winapi-i686-pc-windows-gnu",
 "winapi-x86_64-pc-windows-gnu",
]

[[package]]
name = "winapi-i686-pc-windows-gnu"
version = "0.4.0"
source = "registry+https://github.com/rust-lang/crates.io-index"
checksum = "ac3b87c63620426dd9b991e5ce0329eff545bccbbb34f3be09ff6fb6ab51b7b6"

[[package]]
name = "winapi-x86_64-pc-windows-gnu"
version = "0.4.0"
source = "registry+https://github.com/rust-lang/crates.io-index"
checksum = "712e227841d057c1ee1cd2fb22fa7e5a5461ae8e48fa2ca79ec42cfc1931183f"

[[package]]
name = "yew"
version = "0.6.0"
source = "git+https://github.com/DenisKolodin/yew#a6a73948331ae50a9b6a196c721f21b4a39b52d1"
dependencies = [
 "anymap",
 "bincode",
 "failure",
 "http",
 "log",
 "serde",
 "serde_derive",
 "serde_json",
 "slab",
 "stdweb",
]
