%{
  "bench": {:hex, :bench, "0.7.0", "90d26592a8473b35d3a7774b844d6a9da96eff8686f3e46fae743a6b7e2a39fb", [:mix], [{:gun, "~> 1.3.0", [hex: :gun, repo: "hexpm", optional: false]}, {:n2o, "~> 6.7.4", [hex: :n2o, repo: "hexpm", optional: false]}], "hexpm", "9ca6f2d5160a2cb885e385b368dabc3a87c54e3589ecb1ad602bbbd48c94e7fb"},
  "benchee": {:hex, :benchee, "1.1.0", "f3a43817209a92a1fade36ef36b86e1052627fd8934a8b937ac9ab3a76c43062", [:mix], [{:deep_merge, "~> 1.0", [hex: :deep_merge, repo: "hexpm", optional: false]}, {:statistex, "~> 1.0", [hex: :statistex, repo: "hexpm", optional: false]}], "hexpm", "7da57d545003165a012b587077f6ba90b89210fd88074ce3c60ce239eb5e6d93"},
  "benchee_html": {:hex, :benchee_html, "1.0.0", "5b4d24effebd060f466fb460ec06576e7b34a00fc26b234fe4f12c4f05c95947", [:mix], [{:benchee, ">= 0.99.0 and < 2.0.0", [hex: :benchee, repo: "hexpm", optional: false]}, {:benchee_json, "~> 1.0", [hex: :benchee_json, repo: "hexpm", optional: false]}], "hexpm", "5280af9aac432ff5ca4216d03e8a93f32209510e925b60e7f27c33796f69e699"},
  "benchee_json": {:hex, :benchee_json, "1.0.0", "cc661f4454d5995c08fe10dd1f2f72f229c8f0fb1c96f6b327a8c8fc96a91fe5", [:mix], [{:benchee, ">= 0.99.0 and < 2.0.0", [hex: :benchee, repo: "hexpm", optional: false]}, {:jason, "~> 1.0", [hex: :jason, repo: "hexpm", optional: false]}], "hexpm", "da05d813f9123505f870344d68fb7c86a4f0f9074df7d7b7e2bb011a63ec231c"},
  "cowlib": {:hex, :cowlib, "2.7.3", "a7ffcd0917e6d50b4d5fb28e9e2085a0ceb3c97dea310505f7460ff5ed764ce9", [:rebar3], [], "hexpm", "1e1a3d176d52daebbecbbcdfd27c27726076567905c2a9d7398c54da9d225761"},
  "deep_merge": {:hex, :deep_merge, "1.0.0", "b4aa1a0d1acac393bdf38b2291af38cb1d4a52806cf7a4906f718e1feb5ee961", [:mix], [], "hexpm", "ce708e5f094b9cd4e8f2be4f00d2f4250c4095be93f8cd6d018c753894885430"},
  "gun": {:hex, :gun, "1.3.3", "cf8b51beb36c22b9c8df1921e3f2bc4d2b1f68b49ad4fbc64e91875aa14e16b4", [:rebar3], [{:cowlib, "~> 2.7.0", [hex: :cowlib, repo: "hexpm", optional: false]}], "hexpm", "3106ce167f9c9723f849e4fb54ea4a4d814e3996ae243a1c828b256e749041e0"},
  "jason": {:hex, :jason, "1.4.0", "e855647bc964a44e2f67df589ccf49105ae039d4179db7f6271dfd3843dc27e6", [:mix], [{:decimal, "~> 1.0 or ~> 2.0", [hex: :decimal, repo: "hexpm", optional: true]}], "hexpm", "79a3791085b2a0f743ca04cec0f7be26443738779d09302e01318f97bdb82121"},
  "n2o": {:hex, :n2o, "6.7.7", "a337b0b61d1790cd63dcd6f48480978b402886a2e4b0ee7b43cea539a271d01b", [:mix, :rebar3], [{:syn, "~> 1.6.3", [hex: :syn, repo: "hexpm", optional: false]}], "hexpm", "b2350102918d568da61d1913a96b6833a41025e2d8a0eac4aed33d94b5093de6"},
  "rustler": {:hex, :rustler, "0.27.0", "53ffe86586fd1a2ea60ad07f1506962914eb669dba26c23010cf672662ec8d64", [:mix], [{:jason, "~> 1.0", [hex: :jason, repo: "hexpm", optional: false]}, {:toml, "~> 0.6", [hex: :toml, repo: "hexpm", optional: false]}], "hexpm", "d7f5ccaec6e7a96f700330898ff2e9d48818e40789fd2951ba41ecf457986e92"},
  "statistex": {:hex, :statistex, "1.0.0", "f3dc93f3c0c6c92e5f291704cf62b99b553253d7969e9a5fa713e5481cd858a5", [:mix], [], "hexpm", "ff9d8bee7035028ab4742ff52fc80a2aa35cece833cf5319009b52f1b5a86c27"},
  "syn": {:hex, :syn, "1.6.3", "e3400a6286a7c44ed0a0293d0e83a1f44aa9b1a9ec2c8d54eee2cd1f4ff2f94e", [:rebar3], [], "hexpm", "5fd3d8b9b7edbf5d386a80ee2544234f807918c3437a47fd0a40ed7cd8b16275"},
  "toml": {:hex, :toml, "0.7.0", "fbcd773caa937d0c7a02c301a1feea25612720ac3fa1ccb8bfd9d30d822911de", [:mix], [], "hexpm", "0690246a2478c1defd100b0c9b89b4ea280a22be9a7b313a8a058a2408a2fa70"},
}
