[[package]]
name = "autocfg"
version = "0.1.4"
source = "registry+https://github.com/rust-lang/crates.io-index"

[[package]]
name = "num-traits"
version = "0.2.8"
source = "registry+https://github.com/rust-lang/crates.io-index"
dependencies = [
 "autocfg 0.1.4 (registry+https://github.com/rust-lang/crates.io-index)",
]

[[package]]
name = "pi_collisions"
version = "0.1.0"
dependencies = [
 "uom 0.24.0 (registry+https://github.com/rust-lang/crates.io-index)",
]

[[package]]
name = "typenum"
version = "1.10.0"
source = "registry+https://github.com/rust-lang/crates.io-index"

[[package]]
name = "uom"
version = "0.24.0"
source = "registry+https://github.com/rust-lang/crates.io-index"
dependencies = [
 "num-traits 0.2.8 (registry+https://github.com/rust-lang/crates.io-index)",
 "typenum 1.10.0 (registry+https://github.com/rust-lang/crates.io-index)",
]

[metadata]
"checksum autocfg 0.1.4 (registry+https://github.com/rust-lang/crates.io-index)" = "0e49efa51329a5fd37e7c79db4621af617cd4e3e5bc224939808d076077077bf"
"checksum num-traits 0.2.8 (registry+https://github.com/rust-lang/crates.io-index)" = "6ba9a427cfca2be13aa6f6403b0b7e7368fe982bfa16fccc450ce74c46cd9b32"
"checksum typenum 1.10.0 (registry+https://github.com/rust-lang/crates.io-index)" = "612d636f949607bdf9b123b4a6f6d966dedf3ff669f7f045890d3a4a73948169"
"checksum uom 0.24.0 (registry+https://github.com/rust-lang/crates.io-index)" = "70b1359d8b48b2cfe49eaf3d47ce6a5c1ea7cbd5e1b9e12ec6d49012496dc54a"
