[root]
name = "units"
version = "0.1.0"
dependencies = [
 "difference 0.4.1 (registry+https://github.com/rust-lang/crates.io-index)",
 "term 0.4.4 (registry+https://github.com/rust-lang/crates.io-index)",
]

[[package]]
name = "difference"
version = "0.4.1"
source = "registry+https://github.com/rust-lang/crates.io-index"
dependencies = [
 "getopts 0.2.14 (registry+https://github.com/rust-lang/crates.io-index)",
]

[[package]]
name = "getopts"
version = "0.2.14"
source = "registry+https://github.com/rust-lang/crates.io-index"

[[package]]
name = "kernel32-sys"
version = "0.2.2"
source = "registry+https://github.com/rust-lang/crates.io-index"
dependencies = [
 "winapi 0.2.8 (registry+https://github.com/rust-lang/crates.io-index)",
 "winapi-build 0.1.1 (registry+https://github.com/rust-lang/crates.io-index)",
]

[[package]]
name = "term"
version = "0.4.4"
source = "registry+https://github.com/rust-lang/crates.io-index"
dependencies = [
 "kernel32-sys 0.2.2 (registry+https://github.com/rust-lang/crates.io-index)",
 "winapi 0.2.8 (registry+https://github.com/rust-lang/crates.io-index)",
]

[[package]]
name = "winapi"
version = "0.2.8"
source = "registry+https://github.com/rust-lang/crates.io-index"

[[package]]
name = "winapi-build"
version = "0.1.1"
source = "registry+https://github.com/rust-lang/crates.io-index"

[metadata]
"checksum difference 0.4.1 (registry+https://github.com/rust-lang/crates.io-index)" = "ffef4c144e881a906ed5bd6e1e749dc1955cd3f0c7969d3d34122a971981c5ea"
"checksum getopts 0.2.14 (registry+https://github.com/rust-lang/crates.io-index)" = "d9047cfbd08a437050b363d35ef160452c5fe8ea5187ae0a624708c91581d685"
"checksum kernel32-sys 0.2.2 (registry+https://github.com/rust-lang/crates.io-index)" = "7507624b29483431c0ba2d82aece8ca6cdba9382bff4ddd0f7490560c056098d"
"checksum term 0.4.4 (registry+https://github.com/rust-lang/crates.io-index)" = "3deff8a2b3b6607d6d7cc32ac25c0b33709453ca9cceac006caac51e963cf94a"
"checksum winapi 0.2.8 (registry+https://github.com/rust-lang/crates.io-index)" = "167dc9d6949a9b857f3451275e911c3f44255842c1f7a76f33c55103a909087a"
"checksum winapi-build 0.1.1 (registry+https://github.com/rust-lang/crates.io-index)" = "2d315eee3b34aca4797b2da6b13ed88266e6d612562a0c46390af8299fc699bc"
