# This file is automatically @generated by Cargo.
# It is not intended for manual editing.
[[package]]
name = "peg"
version = "0.6.0"
source = "git+https://github.com/kevinmehall/rust-peg#7bc597e88c19c5a114e106261425a63c38402536"
dependencies = [
 "peg-codegen 0.6.0 (git+https://github.com/kevinmehall/rust-peg)",
 "peg-runtime 0.6.0 (git+https://github.com/kevinmehall/rust-peg)",
 "peg-syntax-ext 0.6.0 (git+https://github.com/kevinmehall/rust-peg)",
]

[[package]]
name = "peg-codegen"
version = "0.6.0"
source = "git+https://github.com/kevinmehall/rust-peg#7bc597e88c19c5a114e106261425a63c38402536"
dependencies = [
 "peg-runtime 0.6.0 (git+https://github.com/kevinmehall/rust-peg)",
 "proc-macro2 1.0.3 (registry+https://github.com/rust-lang/crates.io-index)",
 "quote 1.0.2 (registry+https://github.com/rust-lang/crates.io-index)",
]

[[package]]
name = "peg-runtime"
version = "0.6.0"
source = "git+https://github.com/kevinmehall/rust-peg#7bc597e88c19c5a114e106261425a63c38402536"

[[package]]
name = "peg-syntax-ext"
version = "0.6.0"
source = "git+https://github.com/kevinmehall/rust-peg#7bc597e88c19c5a114e106261425a63c38402536"
dependencies = [
 "peg-codegen 0.6.0 (git+https://github.com/kevinmehall/rust-peg)",
]

[[package]]
name = "proc-macro2"
version = "1.0.3"
source = "registry+https://github.com/rust-lang/crates.io-index"
dependencies = [
 "unicode-xid 0.2.0 (registry+https://github.com/rust-lang/crates.io-index)",
]

[[package]]
name = "quote"
version = "1.0.2"
source = "registry+https://github.com/rust-lang/crates.io-index"
dependencies = [
 "proc-macro2 1.0.3 (registry+https://github.com/rust-lang/crates.io-index)",
]

[[package]]
name = "rust-peg"
version = "0.1.0"
dependencies = [
 "peg 0.6.0 (git+https://github.com/kevinmehall/rust-peg)",
]

[[package]]
name = "unicode-xid"
version = "0.2.0"
source = "registry+https://github.com/rust-lang/crates.io-index"

[metadata]
"checksum peg 0.6.0 (git+https://github.com/kevinmehall/rust-peg)" = "<none>"
"checksum peg-codegen 0.6.0 (git+https://github.com/kevinmehall/rust-peg)" = "<none>"
"checksum peg-runtime 0.6.0 (git+https://github.com/kevinmehall/rust-peg)" = "<none>"
"checksum peg-syntax-ext 0.6.0 (git+https://github.com/kevinmehall/rust-peg)" = "<none>"
"checksum proc-macro2 1.0.3 (registry+https://github.com/rust-lang/crates.io-index)" = "e98a83a9f9b331f54b924e68a66acb1bb35cb01fb0a23645139967abefb697e8"
"checksum quote 1.0.2 (registry+https://github.com/rust-lang/crates.io-index)" = "053a8c8bcc71fcce321828dc897a98ab9760bef03a4fc36693c231e5b3216cfe"
"checksum unicode-xid 0.2.0 (registry+https://github.com/rust-lang/crates.io-index)" = "826e7639553986605ec5979c7dd957c7895e93eabed50ab2ffa7f6128a75097c"
